
Microsoft Visual Studio Solution File, Format Version 12.00
# Visual Studio Version 16
VisualStudioVersion = 16.0.30503.244
MinimumVisualStudioVersion = 15.0.26124.0
Project("{9A19103F-16F7-4668-BE54-9A1E7A4F7556}") = "Domain", "Domain\Domain.csproj", "{6B729761-9177-4F59-99AB-9BCA5736A9E2}"
EndProject
Project("{9A19103F-16F7-4668-BE54-9A1E7A4F7556}") = "Application", "Application\Application.csproj", "{D6DCF2E6-B2BD-463A-9273-37B35C265972}"
EndProject
Project("{9A19103F-16F7-4668-BE54-9A1E7A4F7556}") = "Persistence", "Persistence\Persistence.csproj", "{7115EADC-7818-4EEF-8CBA-07E0AC5D231D}"
EndProject
Project("{9A19103F-16F7-4668-BE54-9A1E7A4F7556}") = "API", "API\API.csproj", "{FABD4B61-8942-425E-B5A5-928F4A03459C}"
	ProjectSection(ProjectDependencies) = postProject
		{7115EADC-7818-4EEF-8CBA-07E0AC5D231D} = {7115EADC-7818-4EEF-8CBA-07E0AC5D231D}
	EndProjectSection
EndProject
Project("{9092AA53-FB77-4645-B42D-1CCCA6BD08BD}") = "client", "client\client.njsproj", "{3D1D5E8F-5A6C-4F53-B4E4-E9886935543F}"
EndProject
Global
	GlobalSection(SolutionConfigurationPlatforms) = preSolution
		Debug|Any CPU = Debug|Any CPU
		Debug|x64 = Debug|x64
		Debug|x86 = Debug|x86
		Release|Any CPU = Release|Any CPU
		Release|x64 = Release|x64
		Release|x86 = Release|x86
	EndGlobalSection
	GlobalSection(ProjectConfigurationPlatforms) = postSolution
		{6B729761-9177-4F59-99AB-9BCA5736A9E2}.Debug|Any CPU.ActiveCfg = Debug|Any CPU
		{6B729761-9177-4F59-99AB-9BCA5736A9E2}.Debug|Any CPU.Build.0 = Debug|Any CPU
		{6B729761-9177-4F59-99AB-9BCA5736A9E2}.Debug|x64.ActiveCfg = Debug|Any CPU
		{6B729761-9177-4F59-99AB-9BCA5736A9E2}.Debug|x64.Build.0 = Debug|Any CPU
		{6B729761-9177-4F59-99AB-9BCA5736A9E2}.Debug|x86.ActiveCfg = Debug|Any CPU
		{6B729761-9177-4F59-99AB-9BCA5736A9E2}.Debug|x86.Build.0 = Debug|Any CPU
		{6B729761-9177-4F59-99AB-9BCA5736A9E2}.Release|Any CPU.ActiveCfg = Release|Any CPU
		{6B729761-9177-4F59-99AB-9BCA5736A9E2}.Release|Any CPU.Build.0 = Release|Any CPU
		{6B729761-9177-4F59-99AB-9BCA5736A9E2}.Release|x64.ActiveCfg = Release|Any CPU
		{6B729761-9177-4F59-99AB-9BCA5736A9E2}.Release|x64.Build.0 = Release|Any CPU
		{6B729761-9177-4F59-99AB-9BCA5736A9E2}.Release|x86.ActiveCfg = Release|Any CPU
		{6B729761-9177-4F59-99AB-9BCA5736A9E2}.Release|x86.Build.0 = Release|Any CPU
		{D6DCF2E6-B2BD-463A-9273-37B35C265972}.Debug|Any CPU.ActiveCfg = Debug|Any CPU
		{D6DCF2E6-B2BD-463A-9273-37B35C265972}.Debug|Any CPU.Build.0 = Debug|Any CPU
		{D6DCF2E6-B2BD-463A-9273-37B35C265972}.Debug|x64.ActiveCfg = Debug|Any CPU
		{D6DCF2E6-B2BD-463A-9273-37B35C265972}.Debug|x64.Build.0 = Debug|Any CPU
		{D6DCF2E6-B2BD-463A-9273-37B35C265972}.Debug|x86.ActiveCfg = Debug|Any CPU
		{D6DCF2E6-B2BD-463A-9273-37B35C265972}.Debug|x86.Build.0 = Debug|Any CPU
		{D6DCF2E6-B2BD-463A-9273-37B35C265972}.Release|Any CPU.ActiveCfg = Release|Any CPU
		{D6DCF2E6-B2BD-463A-9273-37B35C265972}.Release|Any CPU.Build.0 = Release|Any CPU
		{D6DCF2E6-B2BD-463A-9273-37B35C265972}.Release|x64.ActiveCfg = Release|Any CPU
		{D6DCF2E6-B2BD-463A-9273-37B35C265972}.Release|x64.Build.0 = Release|Any CPU
		{D6DCF2E6-B2BD-463A-9273-37B35C265972}.Release|x86.ActiveCfg = Release|Any CPU
		{D6DCF2E6-B2BD-463A-9273-37B35C265972}.Release|x86.Build.0 = Release|Any CPU
		{7115EADC-7818-4EEF-8CBA-07E0AC5D231D}.Debug|Any CPU.ActiveCfg = Debug|Any CPU
		{7115EADC-7818-4EEF-8CBA-07E0AC5D231D}.Debug|Any CPU.Build.0 = Debug|Any CPU
		{7115EADC-7818-4EEF-8CBA-07E0AC5D231D}.Debug|x64.ActiveCfg = Debug|Any CPU
		{7115EADC-7818-4EEF-8CBA-07E0AC5D231D}.Debug|x64.Build.0 = Debug|Any CPU
		{7115EADC-7818-4EEF-8CBA-07E0AC5D231D}.Debug|x86.ActiveCfg = Debug|Any CPU
		{7115EADC-7818-4EEF-8CBA-07E0AC5D231D}.Debug|x86.Build.0 = Debug|Any CPU
		{7115EADC-7818-4EEF-8CBA-07E0AC5D231D}.Release|Any CPU.ActiveCfg = Release|Any CPU
		{7115EADC-7818-4EEF-8CBA-07E0AC5D231D}.Release|Any CPU.Build.0 = Release|Any CPU
		{7115EADC-7818-4EEF-8CBA-07E0AC5D231D}.Release|x64.ActiveCfg = Release|Any CPU
		{7115EADC-7818-4EEF-8CBA-07E0AC5D231D}.Release|x64.Build.0 = Release|Any CPU
		{7115EADC-7818-4EEF-8CBA-07E0AC5D231D}.Release|x86.ActiveCfg = Release|Any CPU
		{7115EADC-7818-4EEF-8CBA-07E0AC5D231D}.Release|x86.Build.0 = Release|Any CPU
		{FABD4B61-8942-425E-B5A5-928F4A03459C}.Debug|Any CPU.ActiveCfg = Debug|Any CPU
		{FABD4B61-8942-425E-B5A5-928F4A03459C}.Debug|Any CPU.Build.0 = Debug|Any CPU
		{FABD4B61-8942-425E-B5A5-928F4A03459C}.Debug|x64.ActiveCfg = Debug|Any CPU
		{FABD4B61-8942-425E-B5A5-928F4A03459C}.Debug|x64.Build.0 = Debug|Any CPU
		{FABD4B61-8942-425E-B5A5-928F4A03459C}.Debug|x86.ActiveCfg = Debug|Any CPU
		{FABD4B61-8942-425E-B5A5-928F4A03459C}.Debug|x86.Build.0 = Debug|Any CPU
		{FABD4B61-8942-425E-B5A5-928F4A03459C}.Release|Any CPU.ActiveCfg = Release|Any CPU
		{FABD4B61-8942-425E-B5A5-928F4A03459C}.Release|Any CPU.Build.0 = Release|Any CPU
		{FABD4B61-8942-425E-B5A5-928F4A03459C}.Release|x64.ActiveCfg = Release|Any CPU
		{FABD4B61-8942-425E-B5A5-928F4A03459C}.Release|x64.Build.0 = Release|Any CPU
		{FABD4B61-8942-425E-B5A5-928F4A03459C}.Release|x86.ActiveCfg = Release|Any CPU
		{FABD4B61-8942-425E-B5A5-928F4A03459C}.Release|x86.Build.0 = Release|Any CPU
		{3D1D5E8F-5A6C-4F53-B4E4-E9886935543F}.Debug|Any CPU.ActiveCfg = Debug|Any CPU
		{3D1D5E8F-5A6C-4F53-B4E4-E9886935543F}.Debug|Any CPU.Build.0 = Debug|Any CPU
		{3D1D5E8F-5A6C-4F53-B4E4-E9886935543F}.Debug|x64.ActiveCfg = Debug|Any CPU
		{3D1D5E8F-5A6C-4F53-B4E4-E9886935543F}.Debug|x64.Build.0 = Debug|Any CPU
		{3D1D5E8F-5A6C-4F53-B4E4-E9886935543F}.Debug|x86.ActiveCfg = Debug|Any CPU
		{3D1D5E8F-5A6C-4F53-B4E4-E9886935543F}.Debug|x86.Build.0 = Debug|Any CPU
		{3D1D5E8F-5A6C-4F53-B4E4-E9886935543F}.Release|Any CPU.ActiveCfg = Release|Any CPU
		{3D1D5E8F-5A6C-4F53-B4E4-E9886935543F}.Release|Any CPU.Build.0 = Release|Any CPU
		{3D1D5E8F-5A6C-4F53-B4E4-E9886935543F}.Release|x64.ActiveCfg = Release|Any CPU
		{3D1D5E8F-5A6C-4F53-B4E4-E9886935543F}.Release|x64.Build.0 = Release|Any CPU
		{3D1D5E8F-5A6C-4F53-B4E4-E9886935543F}.Release|x86.ActiveCfg = Release|Any CPU
		{3D1D5E8F-5A6C-4F53-B4E4-E9886935543F}.Release|x86.Build.0 = Release|Any CPU
	EndGlobalSection
	GlobalSection(SolutionProperties) = preSolution
		HideSolutionNode = FALSE
	EndGlobalSection
	GlobalSection(ExtensibilityGlobals) = postSolution
		SolutionGuid = {C91685AF-4C58-46C0-9C92-AA538EC77F4E}
	EndGlobalSection
EndGlobal
